// !$*UTF8*$!
{
	archiveVersion = 1;
	classes = {
	};
	objectVersion = 46;
	objects = {

/* Begin PBXBuildFile section */
		2F6512CE1ACDBE5A00E3D262 /* BVReorderTableView.m in Sources */ = {isa = PBXBuildFile; fileRef = 2F6512CD1ACDBE5A00E3D262 /* BVReorderTableView.m */; };
		2F6512D21ACDD75900E3D262 /* graphObject.m in Sources */ = {isa = PBXBuildFile; fileRef = 2F6512D11ACDD75900E3D262 /* graphObject.m */; };
		2F7196D61AC972360079DDEC /* UITableView+MDAdditions.m in Sources */ = {isa = PBXBuildFile; fileRef = 2F7196D51AC972360079DDEC /* UITableView+MDAdditions.m */; };
		2FAB7CED1AC58011006F5B82 /* EqDocument.swift in Sources */ = {isa = PBXBuildFile; fileRef = 2FAB7CEC1AC58011006F5B82 /* EqDocument.swift */; };
		2FAB7CEE1AC58EA2006F5B82 /* Keyboard.xib in Resources */ = {isa = PBXBuildFile; fileRef = 4717A2E21AC55FF700D90472 /* Keyboard.xib */; };
		47055B511ACD561A0095C770 /* TitleCell.swift in Sources */ = {isa = PBXBuildFile; fileRef = 47055B501ACD561A0095C770 /* TitleCell.swift */; };
		4722DE211AC6FBD8003E6A09 /* FunctionKeys.xib in Resources */ = {isa = PBXBuildFile; fileRef = 4722DE201AC6FBD8003E6A09 /* FunctionKeys.xib */; };
		4722DE231AC70EE6003E6A09 /* Accessory.xib in Resources */ = {isa = PBXBuildFile; fileRef = 4722DE221AC70EE6003E6A09 /* Accessory.xib */; };
		4722DE251AC822B9003E6A09 /* MathDocTableViewController.swift in Sources */ = {isa = PBXBuildFile; fileRef = 4722DE241AC822B9003E6A09 /* MathDocTableViewController.swift */; };
		4722DE271AC825C8003E6A09 /* EquationCell.swift in Sources */ = {isa = PBXBuildFile; fileRef = 4722DE261AC825C8003E6A09 /* EquationCell.swift */; };
		4722DE411AC8327C003E6A09 /* QuartzCore.framework in Frameworks */ = {isa = PBXBuildFile; fileRef = 4722DE401AC8327C003E6A09 /* QuartzCore.framework */; };
		4722DE431AC833F1003E6A09 /* Accelerate.framework in Frameworks */ = {isa = PBXBuildFile; fileRef = 4722DE421AC833F1003E6A09 /* Accelerate.framework */; };
		4722DE491AC83B53003E6A09 /* libCorePlot-CocoaTouch.a in Frameworks */ = {isa = PBXBuildFile; fileRef = 4722DE481AC83B53003E6A09 /* libCorePlot-CocoaTouch.a */; };
		47BA2FD21ACF38C800E3889E /* GraphViewController.swift in Sources */ = {isa = PBXBuildFile; fileRef = 47BA2FD11ACF38C800E3889E /* GraphViewController.swift */; };
		47DF0ABA1AD07E340005267C /* PiNumberFormatter.m in Sources */ = {isa = PBXBuildFile; fileRef = 47DF0AB91AD07E340005267C /* PiNumberFormatter.m */; };
		47FD43D31AC2C40400C71213 /* AppDelegate.swift in Sources */ = {isa = PBXBuildFile; fileRef = 47FD43D21AC2C40400C71213 /* AppDelegate.swift */; };
		47FD43D51AC2C40400C71213 /* MainDocumentController.swift in Sources */ = {isa = PBXBuildFile; fileRef = 47FD43D41AC2C40400C71213 /* MainDocumentController.swift */; };
		47FD43DA1AC2C40400C71213 /* Main.storyboard in Resources */ = {isa = PBXBuildFile; fileRef = 47FD43D81AC2C40400C71213 /* Main.storyboard */; };
		47FD43DC1AC2C40400C71213 /* Images.xcassets in Resources */ = {isa = PBXBuildFile; fileRef = 47FD43DB1AC2C40400C71213 /* Images.xcassets */; };
		47FD43DF1AC2C40400C71213 /* LaunchScreen.xib in Resources */ = {isa = PBXBuildFile; fileRef = 47FD43DD1AC2C40400C71213 /* LaunchScreen.xib */; };
		47FD43EB1AC2C40400C71213 /* MathPadTests.swift in Sources */ = {isa = PBXBuildFile; fileRef = 47FD43EA1AC2C40400C71213 /* MathPadTests.swift */; };
		47FD43FA1AC2C42F00C71213 /* xNumber.swift in Sources */ = {isa = PBXBuildFile; fileRef = 47FD43F41AC2C42F00C71213 /* xNumber.swift */; };
		47FD43FB1AC2C42F00C71213 /* Functions.swift in Sources */ = {isa = PBXBuildFile; fileRef = 47FD43F51AC2C42F00C71213 /* Functions.swift */; };
		47FD43FC1AC2C42F00C71213 /* Variables.swift in Sources */ = {isa = PBXBuildFile; fileRef = 47FD43F61AC2C42F00C71213 /* Variables.swift */; };
		47FD43FD1AC2C42F00C71213 /* Scanner.swift in Sources */ = {isa = PBXBuildFile; fileRef = 47FD43F71AC2C42F00C71213 /* Scanner.swift */; };
		47FD43FE1AC2C42F00C71213 /* State.swift in Sources */ = {isa = PBXBuildFile; fileRef = 47FD43F81AC2C42F00C71213 /* State.swift */; };
		47FD43FF1AC2C42F00C71213 /* Equation.swift in Sources */ = {isa = PBXBuildFile; fileRef = 47FD43F91AC2C42F00C71213 /* Equation.swift */; };
		47FD440B1AC2C58600C71213 /* ExComplex.cpp in Sources */ = {isa = PBXBuildFile; fileRef = 47FD44031AC2C58600C71213 /* ExComplex.cpp */; };
		47FD440C1AC2C58600C71213 /* ExIntegers.cpp in Sources */ = {isa = PBXBuildFile; fileRef = 47FD44051AC2C58600C71213 /* ExIntegers.cpp */; };
		47FD440D1AC2C58600C71213 /* Real.mm in Sources */ = {isa = PBXBuildFile; fileRef = 47FD44081AC2C58600C71213 /* Real.mm */; };
		47FD440E1AC2C58600C71213 /* Reals.cpp in Sources */ = {isa = PBXBuildFile; fileRef = 47FD44091AC2C58600C71213 /* Reals.cpp */; };
		47FD44121AC4187100C71213 /* SelectItemTableViewController.swift in Sources */ = {isa = PBXBuildFile; fileRef = 47FD44111AC4187100C71213 /* SelectItemTableViewController.swift */; };
/* End PBXBuildFile section */

/* Begin PBXContainerItemProxy section */
		47FD43E51AC2C40400C71213 /* PBXContainerItemProxy */ = {
			isa = PBXContainerItemProxy;
			containerPortal = 47FD43C51AC2C40400C71213 /* Project object */;
			proxyType = 1;
			remoteGlobalIDString = 47FD43CC1AC2C40400C71213;
			remoteInfo = MathPad;
		};
/* End PBXContainerItemProxy section */

/* Begin PBXCopyFilesBuildPhase section */
		4717A2DF1AC555DC00D90472 /* Embed App Extensions */ = {
			isa = PBXCopyFilesBuildPhase;
			buildActionMask = 2147483647;
			dstPath = "";
			dstSubfolderSpec = 13;
			files = (
			);
			name = "Embed App Extensions";
			runOnlyForDeploymentPostprocessing = 0;
		};
/* End PBXCopyFilesBuildPhase section */

/* Begin PBXFileReference section */
		2F6512CC1ACDBE5A00E3D262 /* BVReorderTableView.h */ = {isa = PBXFileReference; fileEncoding = 4; lastKnownFileType = sourcecode.c.h; path = BVReorderTableView.h; sourceTree = "<group>"; };
		2F6512CD1ACDBE5A00E3D262 /* BVReorderTableView.m */ = {isa = PBXFileReference; fileEncoding = 4; lastKnownFileType = sourcecode.c.objc; path = BVReorderTableView.m; sourceTree = "<group>"; };
		2F6512D01ACDD75900E3D262 /* graphObject.h */ = {isa = PBXFileReference; fileEncoding = 4; lastKnownFileType = sourcecode.c.h; path = graphObject.h; sourceTree = "<group>"; };
		2F6512D11ACDD75900E3D262 /* graphObject.m */ = {isa = PBXFileReference; fileEncoding = 4; lastKnownFileType = sourcecode.c.objc; path = graphObject.m; sourceTree = "<group>"; };
		2F7196D41AC972360079DDEC /* UITableView+MDAdditions.h */ = {isa = PBXFileReference; fileEncoding = 4; lastKnownFileType = sourcecode.c.h; path = "UITableView+MDAdditions.h"; sourceTree = "<group>"; };
		2F7196D51AC972360079DDEC /* UITableView+MDAdditions.m */ = {isa = PBXFileReference; fileEncoding = 4; lastKnownFileType = sourcecode.c.objc; path = "UITableView+MDAdditions.m"; sourceTree = "<group>"; };
		2FAB7CEC1AC58011006F5B82 /* EqDocument.swift */ = {isa = PBXFileReference; fileEncoding = 4; lastKnownFileType = sourcecode.swift; path = EqDocument.swift; sourceTree = "<group>"; };
		47055B501ACD561A0095C770 /* TitleCell.swift */ = {isa = PBXFileReference; fileEncoding = 4; lastKnownFileType = sourcecode.swift; path = TitleCell.swift; sourceTree = "<group>"; };
		4717A2E21AC55FF700D90472 /* Keyboard.xib */ = {isa = PBXFileReference; fileEncoding = 4; lastKnownFileType = file.xib; name = Keyboard.xib; path = ../MathKeypad/Keyboard.xib; sourceTree = "<group>"; };
		4717A2E51AC5680D00D90472 /* MathPad.entitlements */ = {isa = PBXFileReference; lastKnownFileType = text.xml; path = MathPad.entitlements; sourceTree = "<group>"; };
		4722DE201AC6FBD8003E6A09 /* FunctionKeys.xib */ = {isa = PBXFileReference; fileEncoding = 4; lastKnownFileType = file.xib; path = FunctionKeys.xib; sourceTree = "<group>"; };
		4722DE221AC70EE6003E6A09 /* Accessory.xib */ = {isa = PBXFileReference; fileEncoding = 4; lastKnownFileType = file.xib; path = Accessory.xib; sourceTree = "<group>"; };
		4722DE241AC822B9003E6A09 /* MathDocTableViewController.swift */ = {isa = PBXFileReference; fileEncoding = 4; lastKnownFileType = sourcecode.swift; path = MathDocTableViewController.swift; sourceTree = "<group>"; };
		4722DE261AC825C8003E6A09 /* EquationCell.swift */ = {isa = PBXFileReference; fileEncoding = 4; lastKnownFileType = sourcecode.swift; path = EquationCell.swift; sourceTree = "<group>"; };
		4722DE401AC8327C003E6A09 /* QuartzCore.framework */ = {isa = PBXFileReference; lastKnownFileType = wrapper.framework; name = QuartzCore.framework; path = System/Library/Frameworks/QuartzCore.framework; sourceTree = SDKROOT; };
		4722DE421AC833F1003E6A09 /* Accelerate.framework */ = {isa = PBXFileReference; lastKnownFileType = wrapper.framework; name = Accelerate.framework; path = System/Library/Frameworks/Accelerate.framework; sourceTree = SDKROOT; };
		4722DE481AC83B53003E6A09 /* libCorePlot-CocoaTouch.a */ = {isa = PBXFileReference; lastKnownFileType = archive.ar; path = "libCorePlot-CocoaTouch.a"; sourceTree = "<group>"; };
		4722DE4B1AC83B5F003E6A09 /* CorePlot-CocoaTouch.h */ = {isa = PBXFileReference; fileEncoding = 4; lastKnownFileType = sourcecode.c.h; path = "CorePlot-CocoaTouch.h"; sourceTree = "<group>"; };
		4722DE4C1AC83B5F003E6A09 /* CPTAnimation.h */ = {isa = PBXFileReference; fileEncoding = 4; lastKnownFileType = sourcecode.c.h; path = CPTAnimation.h; sourceTree = "<group>"; };
		4722DE4D1AC83B5F003E6A09 /* CPTAnimationOperation.h */ = {isa = PBXFileReference; fileEncoding = 4; lastKnownFileType = sourcecode.c.h; path = CPTAnimationOperation.h; sourceTree = "<group>"; };
		4722DE4E1AC83B5F003E6A09 /* CPTAnimationPeriod.h */ = {isa = PBXFileReference; fileEncoding = 4; lastKnownFileType = sourcecode.c.h; path = CPTAnimationPeriod.h; sourceTree = "<group>"; };
		4722DE4F1AC83B5F003E6A09 /* CPTAnnotation.h */ = {isa = PBXFileReference; fileEncoding = 4; lastKnownFileType = sourcecode.c.h; path = CPTAnnotation.h; sourceTree = "<group>"; };
		4722DE501AC83B5F003E6A09 /* CPTAnnotationHostLayer.h */ = {isa = PBXFileReference; fileEncoding = 4; lastKnownFileType = sourcecode.c.h; path = CPTAnnotationHostLayer.h; sourceTree = "<group>"; };
		4722DE511AC83B5F003E6A09 /* CPTAxis.h */ = {isa = PBXFileReference; fileEncoding = 4; lastKnownFileType = sourcecode.c.h; path = CPTAxis.h; sourceTree = "<group>"; };
		4722DE521AC83B5F003E6A09 /* CPTAxisLabel.h */ = {isa = PBXFileReference; fileEncoding = 4; lastKnownFileType = sourcecode.c.h; path = CPTAxisLabel.h; sourceTree = "<group>"; };
		4722DE531AC83B5F003E6A09 /* CPTAxisLabelGroup.h */ = {isa = PBXFileReference; fileEncoding = 4; lastKnownFileType = sourcecode.c.h; path = CPTAxisLabelGroup.h; sourceTree = "<group>"; };
		4722DE541AC83B5F003E6A09 /* CPTAxisSet.h */ = {isa = PBXFileReference; fileEncoding = 4; lastKnownFileType = sourcecode.c.h; path = CPTAxisSet.h; sourceTree = "<group>"; };
		4722DE551AC83B5F003E6A09 /* CPTAxisTitle.h */ = {isa = PBXFileReference; fileEncoding = 4; lastKnownFileType = sourcecode.c.h; path = CPTAxisTitle.h; sourceTree = "<group>"; };
		4722DE561AC83B5F003E6A09 /* CPTBarPlot.h */ = {isa = PBXFileReference; fileEncoding = 4; lastKnownFileType = sourcecode.c.h; path = CPTBarPlot.h; sourceTree = "<group>"; };
		4722DE571AC83B5F003E6A09 /* CPTBorderedLayer.h */ = {isa = PBXFileReference; fileEncoding = 4; lastKnownFileType = sourcecode.c.h; path = CPTBorderedLayer.h; sourceTree = "<group>"; };
		4722DE581AC83B5F003E6A09 /* CPTCalendarFormatter.h */ = {isa = PBXFileReference; fileEncoding = 4; lastKnownFileType = sourcecode.c.h; path = CPTCalendarFormatter.h; sourceTree = "<group>"; };
		4722DE591AC83B5F003E6A09 /* CPTColor.h */ = {isa = PBXFileReference; fileEncoding = 4; lastKnownFileType = sourcecode.c.h; path = CPTColor.h; sourceTree = "<group>"; };
		4722DE5A1AC83B5F003E6A09 /* CPTColorSpace.h */ = {isa = PBXFileReference; fileEncoding = 4; lastKnownFileType = sourcecode.c.h; path = CPTColorSpace.h; sourceTree = "<group>"; };
		4722DE5B1AC83B5F003E6A09 /* CPTConstraints.h */ = {isa = PBXFileReference; fileEncoding = 4; lastKnownFileType = sourcecode.c.h; path = CPTConstraints.h; sourceTree = "<group>"; };
		4722DE5C1AC83B5F003E6A09 /* CPTDataSourceTestCase.h */ = {isa = PBXFileReference; fileEncoding = 4; lastKnownFileType = sourcecode.c.h; path = CPTDataSourceTestCase.h; sourceTree = "<group>"; };
		4722DE5D1AC83B5F003E6A09 /* CPTDefinitions.h */ = {isa = PBXFileReference; fileEncoding = 4; lastKnownFileType = sourcecode.c.h; path = CPTDefinitions.h; sourceTree = "<group>"; };
		4722DE5E1AC83B5F003E6A09 /* CPTDerivedXYGraph.h */ = {isa = PBXFileReference; fileEncoding = 4; lastKnownFileType = sourcecode.c.h; path = CPTDerivedXYGraph.h; sourceTree = "<group>"; };
		4722DE5F1AC83B5F003E6A09 /* CPTExceptions.h */ = {isa = PBXFileReference; fileEncoding = 4; lastKnownFileType = sourcecode.c.h; path = CPTExceptions.h; sourceTree = "<group>"; };
		4722DE601AC83B5F003E6A09 /* CPTFill.h */ = {isa = PBXFileReference; fileEncoding = 4; lastKnownFileType = sourcecode.c.h; path = CPTFill.h; sourceTree = "<group>"; };
		4722DE611AC83B5F003E6A09 /* CPTFunctionDataSource.h */ = {isa = PBXFileReference; fileEncoding = 4; lastKnownFileType = sourcecode.c.h; path = CPTFunctionDataSource.h; sourceTree = "<group>"; };
		4722DE621AC83B5F003E6A09 /* CPTGradient.h */ = {isa = PBXFileReference; fileEncoding = 4; lastKnownFileType = sourcecode.c.h; path = CPTGradient.h; sourceTree = "<group>"; };
		4722DE631AC83B5F003E6A09 /* CPTGraph.h */ = {isa = PBXFileReference; fileEncoding = 4; lastKnownFileType = sourcecode.c.h; path = CPTGraph.h; sourceTree = "<group>"; };
		4722DE641AC83B5F003E6A09 /* CPTGraphHostingView.h */ = {isa = PBXFileReference; fileEncoding = 4; lastKnownFileType = sourcecode.c.h; path = CPTGraphHostingView.h; sourceTree = "<group>"; };
		4722DE651AC83B5F003E6A09 /* CPTGridLineGroup.h */ = {isa = PBXFileReference; fileEncoding = 4; lastKnownFileType = sourcecode.c.h; path = CPTGridLineGroup.h; sourceTree = "<group>"; };
		4722DE661AC83B5F003E6A09 /* CPTGridLines.h */ = {isa = PBXFileReference; fileEncoding = 4; lastKnownFileType = sourcecode.c.h; path = CPTGridLines.h; sourceTree = "<group>"; };
		4722DE671AC83B5F003E6A09 /* CPTImage.h */ = {isa = PBXFileReference; fileEncoding = 4; lastKnownFileType = sourcecode.c.h; path = CPTImage.h; sourceTree = "<group>"; };
		4722DE681AC83B5F003E6A09 /* CPTLayer.h */ = {isa = PBXFileReference; fileEncoding = 4; lastKnownFileType = sourcecode.c.h; path = CPTLayer.h; sourceTree = "<group>"; };
		4722DE691AC83B5F003E6A09 /* CPTLayerAnnotation.h */ = {isa = PBXFileReference; fileEncoding = 4; lastKnownFileType = sourcecode.c.h; path = CPTLayerAnnotation.h; sourceTree = "<group>"; };
		4722DE6A1AC83B5F003E6A09 /* CPTLegend.h */ = {isa = PBXFileReference; fileEncoding = 4; lastKnownFileType = sourcecode.c.h; path = CPTLegend.h; sourceTree = "<group>"; };
		4722DE6B1AC83B5F003E6A09 /* CPTLegendEntry.h */ = {isa = PBXFileReference; fileEncoding = 4; lastKnownFileType = sourcecode.c.h; path = CPTLegendEntry.h; sourceTree = "<group>"; };
		4722DE6C1AC83B5F003E6A09 /* CPTLimitBand.h */ = {isa = PBXFileReference; fileEncoding = 4; lastKnownFileType = sourcecode.c.h; path = CPTLimitBand.h; sourceTree = "<group>"; };
		4722DE6D1AC83B5F003E6A09 /* CPTLineCap.h */ = {isa = PBXFileReference; fileEncoding = 4; lastKnownFileType = sourcecode.c.h; path = CPTLineCap.h; sourceTree = "<group>"; };
		4722DE6E1AC83B5F003E6A09 /* CPTLineStyle.h */ = {isa = PBXFileReference; fileEncoding = 4; lastKnownFileType = sourcecode.c.h; path = CPTLineStyle.h; sourceTree = "<group>"; };
		4722DE6F1AC83B5F003E6A09 /* CPTMutableLineStyle.h */ = {isa = PBXFileReference; fileEncoding = 4; lastKnownFileType = sourcecode.c.h; path = CPTMutableLineStyle.h; sourceTree = "<group>"; };
		4722DE701AC83B5F003E6A09 /* CPTMutableNumericData+TypeConversion.h */ = {isa = PBXFileReference; fileEncoding = 4; lastKnownFileType = sourcecode.c.h; path = "CPTMutableNumericData+TypeConversion.h"; sourceTree = "<group>"; };
		4722DE711AC83B5F003E6A09 /* CPTMutableNumericData.h */ = {isa = PBXFileReference; fileEncoding = 4; lastKnownFileType = sourcecode.c.h; path = CPTMutableNumericData.h; sourceTree = "<group>"; };
		4722DE721AC83B5F003E6A09 /* CPTMutablePlotRange.h */ = {isa = PBXFileReference; fileEncoding = 4; lastKnownFileType = sourcecode.c.h; path = CPTMutablePlotRange.h; sourceTree = "<group>"; };
		4722DE731AC83B5F003E6A09 /* CPTMutableShadow.h */ = {isa = PBXFileReference; fileEncoding = 4; lastKnownFileType = sourcecode.c.h; path = CPTMutableShadow.h; sourceTree = "<group>"; };
		4722DE741AC83B5F003E6A09 /* CPTMutableTextStyle.h */ = {isa = PBXFileReference; fileEncoding = 4; lastKnownFileType = sourcecode.c.h; path = CPTMutableTextStyle.h; sourceTree = "<group>"; };
		4722DE751AC83B5F003E6A09 /* CPTNumericData+TypeConversion.h */ = {isa = PBXFileReference; fileEncoding = 4; lastKnownFileType = sourcecode.c.h; path = "CPTNumericData+TypeConversion.h"; sourceTree = "<group>"; };
		4722DE761AC83B5F003E6A09 /* CPTNumericData.h */ = {isa = PBXFileReference; fileEncoding = 4; lastKnownFileType = sourcecode.c.h; path = CPTNumericData.h; sourceTree = "<group>"; };
		4722DE771AC83B5F003E6A09 /* CPTNumericDataType.h */ = {isa = PBXFileReference; fileEncoding = 4; lastKnownFileType = sourcecode.c.h; path = CPTNumericDataType.h; sourceTree = "<group>"; };
		4722DE781AC83B5F003E6A09 /* CPTPathExtensions.h */ = {isa = PBXFileReference; fileEncoding = 4; lastKnownFileType = sourcecode.c.h; path = CPTPathExtensions.h; sourceTree = "<group>"; };
		4722DE791AC83B5F003E6A09 /* CPTPieChart.h */ = {isa = PBXFileReference; fileEncoding = 4; lastKnownFileType = sourcecode.c.h; path = CPTPieChart.h; sourceTree = "<group>"; };
		4722DE7A1AC83B5F003E6A09 /* CPTPlatformSpecificCategories.h */ = {isa = PBXFileReference; fileEncoding = 4; lastKnownFileType = sourcecode.c.h; path = CPTPlatformSpecificCategories.h; sourceTree = "<group>"; };
		4722DE7B1AC83B5F003E6A09 /* CPTPlatformSpecificDefines.h */ = {isa = PBXFileReference; fileEncoding = 4; lastKnownFileType = sourcecode.c.h; path = CPTPlatformSpecificDefines.h; sourceTree = "<group>"; };
		4722DE7C1AC83B5F003E6A09 /* CPTPlatformSpecificFunctions.h */ = {isa = PBXFileReference; fileEncoding = 4; lastKnownFileType = sourcecode.c.h; path = CPTPlatformSpecificFunctions.h; sourceTree = "<group>"; };
		4722DE7D1AC83B5F003E6A09 /* CPTPlot.h */ = {isa = PBXFileReference; fileEncoding = 4; lastKnownFileType = sourcecode.c.h; path = CPTPlot.h; sourceTree = "<group>"; };
		4722DE7E1AC83B5F003E6A09 /* CPTPlotArea.h */ = {isa = PBXFileReference; fileEncoding = 4; lastKnownFileType = sourcecode.c.h; path = CPTPlotArea.h; sourceTree = "<group>"; };
		4722DE7F1AC83B5F003E6A09 /* CPTPlotAreaFrame.h */ = {isa = PBXFileReference; fileEncoding = 4; lastKnownFileType = sourcecode.c.h; path = CPTPlotAreaFrame.h; sourceTree = "<group>"; };
		4722DE801AC83B5F003E6A09 /* CPTPlotGroup.h */ = {isa = PBXFileReference; fileEncoding = 4; lastKnownFileType = sourcecode.c.h; path = CPTPlotGroup.h; sourceTree = "<group>"; };
		4722DE811AC83B5F003E6A09 /* CPTPlotRange.h */ = {isa = PBXFileReference; fileEncoding = 4; lastKnownFileType = sourcecode.c.h; path = CPTPlotRange.h; sourceTree = "<group>"; };
		4722DE821AC83B5F003E6A09 /* CPTPlotSpace.h */ = {isa = PBXFileReference; fileEncoding = 4; lastKnownFileType = sourcecode.c.h; path = CPTPlotSpace.h; sourceTree = "<group>"; };
		4722DE831AC83B5F003E6A09 /* CPTPlotSpaceAnnotation.h */ = {isa = PBXFileReference; fileEncoding = 4; lastKnownFileType = sourcecode.c.h; path = CPTPlotSpaceAnnotation.h; sourceTree = "<group>"; };
		4722DE841AC83B5F003E6A09 /* CPTPlotSymbol.h */ = {isa = PBXFileReference; fileEncoding = 4; lastKnownFileType = sourcecode.c.h; path = CPTPlotSymbol.h; sourceTree = "<group>"; };
		4722DE851AC83B5F003E6A09 /* CPTRangePlot.h */ = {isa = PBXFileReference; fileEncoding = 4; lastKnownFileType = sourcecode.c.h; path = CPTRangePlot.h; sourceTree = "<group>"; };
		4722DE861AC83B5F003E6A09 /* CPTResponder.h */ = {isa = PBXFileReference; fileEncoding = 4; lastKnownFileType = sourcecode.c.h; path = CPTResponder.h; sourceTree = "<group>"; };
		4722DE871AC83B5F003E6A09 /* CPTScatterPlot.h */ = {isa = PBXFileReference; fileEncoding = 4; lastKnownFileType = sourcecode.c.h; path = CPTScatterPlot.h; sourceTree = "<group>"; };
		4722DE881AC83B5F003E6A09 /* CPTShadow.h */ = {isa = PBXFileReference; fileEncoding = 4; lastKnownFileType = sourcecode.c.h; path = CPTShadow.h; sourceTree = "<group>"; };
		4722DE891AC83B5F003E6A09 /* CPTTestCase.h */ = {isa = PBXFileReference; fileEncoding = 4; lastKnownFileType = sourcecode.c.h; path = CPTTestCase.h; sourceTree = "<group>"; };
		4722DE8A1AC83B5F003E6A09 /* CPTTextLayer.h */ = {isa = PBXFileReference; fileEncoding = 4; lastKnownFileType = sourcecode.c.h; path = CPTTextLayer.h; sourceTree = "<group>"; };
		4722DE8B1AC83B5F003E6A09 /* CPTTextStyle.h */ = {isa = PBXFileReference; fileEncoding = 4; lastKnownFileType = sourcecode.c.h; path = CPTTextStyle.h; sourceTree = "<group>"; };
		4722DE8C1AC83B5F003E6A09 /* CPTTextStylePlatformSpecific.h */ = {isa = PBXFileReference; fileEncoding = 4; lastKnownFileType = sourcecode.c.h; path = CPTTextStylePlatformSpecific.h; sourceTree = "<group>"; };
		4722DE8D1AC83B5F003E6A09 /* CPTTheme.h */ = {isa = PBXFileReference; fileEncoding = 4; lastKnownFileType = sourcecode.c.h; path = CPTTheme.h; sourceTree = "<group>"; };
		4722DE8E1AC83B5F003E6A09 /* CPTTimeFormatter.h */ = {isa = PBXFileReference; fileEncoding = 4; lastKnownFileType = sourcecode.c.h; path = CPTTimeFormatter.h; sourceTree = "<group>"; };
		4722DE8F1AC83B5F003E6A09 /* CPTTradingRangePlot.h */ = {isa = PBXFileReference; fileEncoding = 4; lastKnownFileType = sourcecode.c.h; path = CPTTradingRangePlot.h; sourceTree = "<group>"; };
		4722DE901AC83B5F003E6A09 /* CPTUtilities.h */ = {isa = PBXFileReference; fileEncoding = 4; lastKnownFileType = sourcecode.c.h; path = CPTUtilities.h; sourceTree = "<group>"; };
		4722DE911AC83B5F003E6A09 /* CPTXYAxis.h */ = {isa = PBXFileReference; fileEncoding = 4; lastKnownFileType = sourcecode.c.h; path = CPTXYAxis.h; sourceTree = "<group>"; };
		4722DE921AC83B5F003E6A09 /* CPTXYAxisSet.h */ = {isa = PBXFileReference; fileEncoding = 4; lastKnownFileType = sourcecode.c.h; path = CPTXYAxisSet.h; sourceTree = "<group>"; };
		4722DE931AC83B5F003E6A09 /* CPTXYGraph.h */ = {isa = PBXFileReference; fileEncoding = 4; lastKnownFileType = sourcecode.c.h; path = CPTXYGraph.h; sourceTree = "<group>"; };
		4722DE941AC83B5F003E6A09 /* CPTXYPlotSpace.h */ = {isa = PBXFileReference; fileEncoding = 4; lastKnownFileType = sourcecode.c.h; path = CPTXYPlotSpace.h; sourceTree = "<group>"; };
		4722DE951AC83B5F003E6A09 /* mainpage.h */ = {isa = PBXFileReference; fileEncoding = 4; lastKnownFileType = sourcecode.c.h; path = mainpage.h; sourceTree = "<group>"; };
		4722DE961AC83B5F003E6A09 /* NSCoderExtensions.h */ = {isa = PBXFileReference; fileEncoding = 4; lastKnownFileType = sourcecode.c.h; path = NSCoderExtensions.h; sourceTree = "<group>"; };
		4722DE971AC83B5F003E6A09 /* NSDecimalNumberExtensions.h */ = {isa = PBXFileReference; fileEncoding = 4; lastKnownFileType = sourcecode.c.h; path = NSDecimalNumberExtensions.h; sourceTree = "<group>"; };
		4722DE981AC83B5F003E6A09 /* NSNumberExtensions.h */ = {isa = PBXFileReference; fileEncoding = 4; lastKnownFileType = sourcecode.c.h; path = NSNumberExtensions.h; sourceTree = "<group>"; };
		47BA2FD11ACF38C800E3889E /* GraphViewController.swift */ = {isa = PBXFileReference; fileEncoding = 4; lastKnownFileType = sourcecode.swift; path = GraphViewController.swift; sourceTree = "<group>"; };
		47DF0AB81AD07E340005267C /* PiNumberFormatter.h */ = {isa = PBXFileReference; fileEncoding = 4; lastKnownFileType = sourcecode.c.h; path = PiNumberFormatter.h; sourceTree = "<group>"; };
		47DF0AB91AD07E340005267C /* PiNumberFormatter.m */ = {isa = PBXFileReference; fileEncoding = 4; lastKnownFileType = sourcecode.c.objc; path = PiNumberFormatter.m; sourceTree = "<group>"; };
		47FD43CD1AC2C40400C71213 /* MathPad.app */ = {isa = PBXFileReference; explicitFileType = wrapper.application; includeInIndex = 0; path = MathPad.app; sourceTree = BUILT_PRODUCTS_DIR; };
		47FD43D11AC2C40400C71213 /* Info.plist */ = {isa = PBXFileReference; lastKnownFileType = text.plist.xml; path = Info.plist; sourceTree = "<group>"; };
		47FD43D21AC2C40400C71213 /* AppDelegate.swift */ = {isa = PBXFileReference; lastKnownFileType = sourcecode.swift; path = AppDelegate.swift; sourceTree = "<group>"; };
		47FD43D41AC2C40400C71213 /* MainDocumentController.swift */ = {isa = PBXFileReference; lastKnownFileType = sourcecode.swift; path = MainDocumentController.swift; sourceTree = "<group>"; };
		47FD43D91AC2C40400C71213 /* Base */ = {isa = PBXFileReference; lastKnownFileType = file.storyboard; name = Base; path = Base.lproj/Main.storyboard; sourceTree = "<group>"; };
		47FD43DB1AC2C40400C71213 /* Images.xcassets */ = {isa = PBXFileReference; lastKnownFileType = folder.assetcatalog; path = Images.xcassets; sourceTree = "<group>"; };
		47FD43DE1AC2C40400C71213 /* Base */ = {isa = PBXFileReference; lastKnownFileType = file.xib; name = Base; path = Base.lproj/LaunchScreen.xib; sourceTree = "<group>"; };
		47FD43E41AC2C40400C71213 /* MathPadTests.xctest */ = {isa = PBXFileReference; explicitFileType = wrapper.cfbundle; includeInIndex = 0; path = MathPadTests.xctest; sourceTree = BUILT_PRODUCTS_DIR; };
		47FD43E91AC2C40400C71213 /* Info.plist */ = {isa = PBXFileReference; lastKnownFileType = text.plist.xml; path = Info.plist; sourceTree = "<group>"; };
		47FD43EA1AC2C40400C71213 /* MathPadTests.swift */ = {isa = PBXFileReference; lastKnownFileType = sourcecode.swift; path = MathPadTests.swift; sourceTree = "<group>"; };
		47FD43F41AC2C42F00C71213 /* xNumber.swift */ = {isa = PBXFileReference; fileEncoding = 4; lastKnownFileType = sourcecode.swift; path = xNumber.swift; sourceTree = "<group>"; };
		47FD43F51AC2C42F00C71213 /* Functions.swift */ = {isa = PBXFileReference; fileEncoding = 4; lastKnownFileType = sourcecode.swift; path = Functions.swift; sourceTree = "<group>"; };
		47FD43F61AC2C42F00C71213 /* Variables.swift */ = {isa = PBXFileReference; fileEncoding = 4; lastKnownFileType = sourcecode.swift; path = Variables.swift; sourceTree = "<group>"; };
		47FD43F71AC2C42F00C71213 /* Scanner.swift */ = {isa = PBXFileReference; fileEncoding = 4; lastKnownFileType = sourcecode.swift; path = Scanner.swift; sourceTree = "<group>"; };
		47FD43F81AC2C42F00C71213 /* State.swift */ = {isa = PBXFileReference; fileEncoding = 4; lastKnownFileType = sourcecode.swift; path = State.swift; sourceTree = "<group>"; };
		47FD43F91AC2C42F00C71213 /* Equation.swift */ = {isa = PBXFileReference; fileEncoding = 4; lastKnownFileType = sourcecode.swift; path = Equation.swift; sourceTree = "<group>"; };
		47FD44001AC2C58500C71213 /* MathPad-Bridging-Header.h */ = {isa = PBXFileReference; lastKnownFileType = sourcecode.c.h; path = "MathPad-Bridging-Header.h"; sourceTree = "<group>"; };
		47FD44021AC2C58600C71213 /* Errors.h */ = {isa = PBXFileReference; fileEncoding = 4; lastKnownFileType = sourcecode.c.h; path = Errors.h; sourceTree = "<group>"; };
		47FD44031AC2C58600C71213 /* ExComplex.cpp */ = {isa = PBXFileReference; fileEncoding = 4; lastKnownFileType = sourcecode.cpp.cpp; path = ExComplex.cpp; sourceTree = "<group>"; };
		47FD44041AC2C58600C71213 /* ExComplex.h */ = {isa = PBXFileReference; fileEncoding = 4; lastKnownFileType = sourcecode.c.h; path = ExComplex.h; sourceTree = "<group>"; };
		47FD44051AC2C58600C71213 /* ExIntegers.cpp */ = {isa = PBXFileReference; fileEncoding = 4; lastKnownFileType = sourcecode.cpp.cpp; path = ExIntegers.cpp; sourceTree = "<group>"; };
		47FD44061AC2C58600C71213 /* ExIntegers.h */ = {isa = PBXFileReference; fileEncoding = 4; lastKnownFileType = sourcecode.c.h; path = ExIntegers.h; sourceTree = "<group>"; };
		47FD44071AC2C58600C71213 /* Real.h */ = {isa = PBXFileReference; fileEncoding = 4; lastKnownFileType = sourcecode.c.h; path = Real.h; sourceTree = "<group>"; };
		47FD44081AC2C58600C71213 /* Real.mm */ = {isa = PBXFileReference; fileEncoding = 4; lastKnownFileType = sourcecode.cpp.objcpp; path = Real.mm; sourceTree = "<group>"; };
		47FD44091AC2C58600C71213 /* Reals.cpp */ = {isa = PBXFileReference; fileEncoding = 4; lastKnownFileType = sourcecode.cpp.cpp; path = Reals.cpp; sourceTree = "<group>"; };
		47FD440A1AC2C58600C71213 /* Reals.h */ = {isa = PBXFileReference; fileEncoding = 4; lastKnownFileType = sourcecode.c.h; path = Reals.h; sourceTree = "<group>"; };
		47FD44111AC4187100C71213 /* SelectItemTableViewController.swift */ = {isa = PBXFileReference; fileEncoding = 4; lastKnownFileType = sourcecode.swift; path = SelectItemTableViewController.swift; sourceTree = "<group>"; };
/* End PBXFileReference section */

/* Begin PBXFrameworksBuildPhase section */
		47FD43CA1AC2C40400C71213 /* Frameworks */ = {
			isa = PBXFrameworksBuildPhase;
			buildActionMask = 2147483647;
			files = (
				4722DE431AC833F1003E6A09 /* Accelerate.framework in Frameworks */,
				4722DE411AC8327C003E6A09 /* QuartzCore.framework in Frameworks */,
				4722DE491AC83B53003E6A09 /* libCorePlot-CocoaTouch.a in Frameworks */,
			);
			runOnlyForDeploymentPostprocessing = 0;
		};
		47FD43E11AC2C40400C71213 /* Frameworks */ = {
			isa = PBXFrameworksBuildPhase;
			buildActionMask = 2147483647;
			files = (
			);
			runOnlyForDeploymentPostprocessing = 0;
		};
/* End PBXFrameworksBuildPhase section */

/* Begin PBXGroup section */
		4722DE2C1AC82633003E6A09 /* Keyboards */ = {
			isa = PBXGroup;
			children = (
				4717A2E21AC55FF700D90472 /* Keyboard.xib */,
				4722DE221AC70EE6003E6A09 /* Accessory.xib */,
				4722DE201AC6FBD8003E6A09 /* FunctionKeys.xib */,
			);
			name = Keyboards;
			sourceTree = "<group>";
		};
		4722DE4A1AC83B5F003E6A09 /* CorePlotHeaders */ = {
			isa = PBXGroup;
			children = (
				4722DE4B1AC83B5F003E6A09 /* CorePlot-CocoaTouch.h */,
				4722DE4C1AC83B5F003E6A09 /* CPTAnimation.h */,
				4722DE4D1AC83B5F003E6A09 /* CPTAnimationOperation.h */,
				4722DE4E1AC83B5F003E6A09 /* CPTAnimationPeriod.h */,
				4722DE4F1AC83B5F003E6A09 /* CPTAnnotation.h */,
				4722DE501AC83B5F003E6A09 /* CPTAnnotationHostLayer.h */,
				4722DE511AC83B5F003E6A09 /* CPTAxis.h */,
				4722DE521AC83B5F003E6A09 /* CPTAxisLabel.h */,
				4722DE531AC83B5F003E6A09 /* CPTAxisLabelGroup.h */,
				4722DE541AC83B5F003E6A09 /* CPTAxisSet.h */,
				4722DE551AC83B5F003E6A09 /* CPTAxisTitle.h */,
				4722DE561AC83B5F003E6A09 /* CPTBarPlot.h */,
				4722DE571AC83B5F003E6A09 /* CPTBorderedLayer.h */,
				4722DE581AC83B5F003E6A09 /* CPTCalendarFormatter.h */,
				4722DE591AC83B5F003E6A09 /* CPTColor.h */,
				4722DE5A1AC83B5F003E6A09 /* CPTColorSpace.h */,
				4722DE5B1AC83B5F003E6A09 /* CPTConstraints.h */,
				4722DE5C1AC83B5F003E6A09 /* CPTDataSourceTestCase.h */,
				4722DE5D1AC83B5F003E6A09 /* CPTDefinitions.h */,
				4722DE5E1AC83B5F003E6A09 /* CPTDerivedXYGraph.h */,
				4722DE5F1AC83B5F003E6A09 /* CPTExceptions.h */,
				4722DE601AC83B5F003E6A09 /* CPTFill.h */,
				4722DE611AC83B5F003E6A09 /* CPTFunctionDataSource.h */,
				4722DE621AC83B5F003E6A09 /* CPTGradient.h */,
				4722DE631AC83B5F003E6A09 /* CPTGraph.h */,
				4722DE641AC83B5F003E6A09 /* CPTGraphHostingView.h */,
				4722DE651AC83B5F003E6A09 /* CPTGridLineGroup.h */,
				4722DE661AC83B5F003E6A09 /* CPTGridLines.h */,
				4722DE671AC83B5F003E6A09 /* CPTImage.h */,
				4722DE681AC83B5F003E6A09 /* CPTLayer.h */,
				4722DE691AC83B5F003E6A09 /* CPTLayerAnnotation.h */,
				4722DE6A1AC83B5F003E6A09 /* CPTLegend.h */,
				4722DE6B1AC83B5F003E6A09 /* CPTLegendEntry.h */,
				4722DE6C1AC83B5F003E6A09 /* CPTLimitBand.h */,
				4722DE6D1AC83B5F003E6A09 /* CPTLineCap.h */,
				4722DE6E1AC83B5F003E6A09 /* CPTLineStyle.h */,
				4722DE6F1AC83B5F003E6A09 /* CPTMutableLineStyle.h */,
				4722DE701AC83B5F003E6A09 /* CPTMutableNumericData+TypeConversion.h */,
				4722DE711AC83B5F003E6A09 /* CPTMutableNumericData.h */,
				4722DE721AC83B5F003E6A09 /* CPTMutablePlotRange.h */,
				4722DE731AC83B5F003E6A09 /* CPTMutableShadow.h */,
				4722DE741AC83B5F003E6A09 /* CPTMutableTextStyle.h */,
				4722DE751AC83B5F003E6A09 /* CPTNumericData+TypeConversion.h */,
				4722DE761AC83B5F003E6A09 /* CPTNumericData.h */,
				4722DE771AC83B5F003E6A09 /* CPTNumericDataType.h */,
				4722DE781AC83B5F003E6A09 /* CPTPathExtensions.h */,
				4722DE791AC83B5F003E6A09 /* CPTPieChart.h */,
				4722DE7A1AC83B5F003E6A09 /* CPTPlatformSpecificCategories.h */,
				4722DE7B1AC83B5F003E6A09 /* CPTPlatformSpecificDefines.h */,
				4722DE7C1AC83B5F003E6A09 /* CPTPlatformSpecificFunctions.h */,
				4722DE7D1AC83B5F003E6A09 /* CPTPlot.h */,
				4722DE7E1AC83B5F003E6A09 /* CPTPlotArea.h */,
				4722DE7F1AC83B5F003E6A09 /* CPTPlotAreaFrame.h */,
				4722DE801AC83B5F003E6A09 /* CPTPlotGroup.h */,
				4722DE811AC83B5F003E6A09 /* CPTPlotRange.h */,
				4722DE821AC83B5F003E6A09 /* CPTPlotSpace.h */,
				4722DE831AC83B5F003E6A09 /* CPTPlotSpaceAnnotation.h */,
				4722DE841AC83B5F003E6A09 /* CPTPlotSymbol.h */,
				4722DE851AC83B5F003E6A09 /* CPTRangePlot.h */,
				4722DE861AC83B5F003E6A09 /* CPTResponder.h */,
				4722DE871AC83B5F003E6A09 /* CPTScatterPlot.h */,
				4722DE881AC83B5F003E6A09 /* CPTShadow.h */,
				4722DE891AC83B5F003E6A09 /* CPTTestCase.h */,
				4722DE8A1AC83B5F003E6A09 /* CPTTextLayer.h */,
				4722DE8B1AC83B5F003E6A09 /* CPTTextStyle.h */,
				4722DE8C1AC83B5F003E6A09 /* CPTTextStylePlatformSpecific.h */,
				4722DE8D1AC83B5F003E6A09 /* CPTTheme.h */,
				4722DE8E1AC83B5F003E6A09 /* CPTTimeFormatter.h */,
				4722DE8F1AC83B5F003E6A09 /* CPTTradingRangePlot.h */,
				4722DE901AC83B5F003E6A09 /* CPTUtilities.h */,
				4722DE911AC83B5F003E6A09 /* CPTXYAxis.h */,
				4722DE921AC83B5F003E6A09 /* CPTXYAxisSet.h */,
				4722DE931AC83B5F003E6A09 /* CPTXYGraph.h */,
				4722DE941AC83B5F003E6A09 /* CPTXYPlotSpace.h */,
				4722DE951AC83B5F003E6A09 /* mainpage.h */,
				4722DE961AC83B5F003E6A09 /* NSCoderExtensions.h */,
				4722DE971AC83B5F003E6A09 /* NSDecimalNumberExtensions.h */,
				4722DE981AC83B5F003E6A09 /* NSNumberExtensions.h */,
			);
			path = CorePlotHeaders;
			sourceTree = "<group>";
		};
		47FD43C41AC2C40400C71213 = {
			isa = PBXGroup;
			children = (
				47FD43CF1AC2C40400C71213 /* MathPad */,
				47FD43E71AC2C40400C71213 /* MathPadTests */,
				47FD43CE1AC2C40400C71213 /* Products */,
			);
			sourceTree = "<group>";
		};
		47FD43CE1AC2C40400C71213 /* Products */ = {
			isa = PBXGroup;
			children = (
				47FD43CD1AC2C40400C71213 /* MathPad.app */,
				47FD43E41AC2C40400C71213 /* MathPadTests.xctest */,
			);
			name = Products;
			sourceTree = "<group>";
		};
		47FD43CF1AC2C40400C71213 /* MathPad */ = {
			isa = PBXGroup;
			children = (
				2FAB7CEC1AC58011006F5B82 /* EqDocument.swift */,
				47FD43D41AC2C40400C71213 /* MainDocumentController.swift */,
				4722DE241AC822B9003E6A09 /* MathDocTableViewController.swift */,
				47FD44111AC4187100C71213 /* SelectItemTableViewController.swift */,
				4722DE261AC825C8003E6A09 /* EquationCell.swift */,
				47055B501ACD561A0095C770 /* TitleCell.swift */,
				47BA2FD11ACF38C800E3889E /* GraphViewController.swift */,
				47FD43D81AC2C40400C71213 /* Main.storyboard */,
				4722DE4A1AC83B5F003E6A09 /* CorePlotHeaders */,
				4722DE2C1AC82633003E6A09 /* Keyboards */,
				47FD44101AC2C82600C71213 /* Equation Model */,
				47FD440F1AC2C5BB00C71213 /* Extended Numbers */,
				47FD43D01AC2C40400C71213 /* Supporting Files */,
			);
			path = MathPad;
			sourceTree = "<group>";
		};
		47FD43D01AC2C40400C71213 /* Supporting Files */ = {
			isa = PBXGroup;
			children = (
				47DF0AB81AD07E340005267C /* PiNumberFormatter.h */,
				47DF0AB91AD07E340005267C /* PiNumberFormatter.m */,
				47FD44001AC2C58500C71213 /* MathPad-Bridging-Header.h */,
				2F6512CC1ACDBE5A00E3D262 /* BVReorderTableView.h */,
				2F6512CD1ACDBE5A00E3D262 /* BVReorderTableView.m */,
				47FD43D21AC2C40400C71213 /* AppDelegate.swift */,
				4717A2E51AC5680D00D90472 /* MathPad.entitlements */,
				2F7196D41AC972360079DDEC /* UITableView+MDAdditions.h */,
				2F7196D51AC972360079DDEC /* UITableView+MDAdditions.m */,
				4722DE481AC83B53003E6A09 /* libCorePlot-CocoaTouch.a */,
				4722DE421AC833F1003E6A09 /* Accelerate.framework */,
				4722DE401AC8327C003E6A09 /* QuartzCore.framework */,
				47FD43DD1AC2C40400C71213 /* LaunchScreen.xib */,
				47FD43DB1AC2C40400C71213 /* Images.xcassets */,
				47FD43D11AC2C40400C71213 /* Info.plist */,
			);
			name = "Supporting Files";
			sourceTree = "<group>";
		};
		47FD43E71AC2C40400C71213 /* MathPadTests */ = {
			isa = PBXGroup;
			children = (
				47FD43EA1AC2C40400C71213 /* MathPadTests.swift */,
				47FD43E81AC2C40400C71213 /* Supporting Files */,
			);
			path = MathPadTests;
			sourceTree = "<group>";
		};
		47FD43E81AC2C40400C71213 /* Supporting Files */ = {
			isa = PBXGroup;
			children = (
				47FD43E91AC2C40400C71213 /* Info.plist */,
			);
			name = "Supporting Files";
			sourceTree = "<group>";
		};
		47FD440F1AC2C5BB00C71213 /* Extended Numbers */ = {
			isa = PBXGroup;
			children = (
				47FD43F41AC2C42F00C71213 /* xNumber.swift */,
				47FD44021AC2C58600C71213 /* Errors.h */,
				47FD44031AC2C58600C71213 /* ExComplex.cpp */,
				47FD44041AC2C58600C71213 /* ExComplex.h */,
				47FD44051AC2C58600C71213 /* ExIntegers.cpp */,
				47FD44061AC2C58600C71213 /* ExIntegers.h */,
				47FD44071AC2C58600C71213 /* Real.h */,
				47FD44081AC2C58600C71213 /* Real.mm */,
				47FD44091AC2C58600C71213 /* Reals.cpp */,
				47FD440A1AC2C58600C71213 /* Reals.h */,
			);
			name = "Extended Numbers";
			sourceTree = "<group>";
		};
		47FD44101AC2C82600C71213 /* Equation Model */ = {
			isa = PBXGroup;
			children = (
				47FD43F51AC2C42F00C71213 /* Functions.swift */,
				47FD43F61AC2C42F00C71213 /* Variables.swift */,
				47FD43F71AC2C42F00C71213 /* Scanner.swift */,
				47FD43F81AC2C42F00C71213 /* State.swift */,
				47FD43F91AC2C42F00C71213 /* Equation.swift */,
				2F6512D01ACDD75900E3D262 /* graphObject.h */,
				2F6512D11ACDD75900E3D262 /* graphObject.m */,
			);
			name = "Equation Model";
			sourceTree = "<group>";
		};
/* End PBXGroup section */

/* Begin PBXNativeTarget section */
		47FD43CC1AC2C40400C71213 /* MathPad */ = {
			isa = PBXNativeTarget;
			buildConfigurationList = 47FD43EE1AC2C40400C71213 /* Build configuration list for PBXNativeTarget "MathPad" */;
			buildPhases = (
				47FD43C91AC2C40400C71213 /* Sources */,
				47FD43CA1AC2C40400C71213 /* Frameworks */,
				47FD43CB1AC2C40400C71213 /* Resources */,
				4717A2DF1AC555DC00D90472 /* Embed App Extensions */,
			);
			buildRules = (
			);
			dependencies = (
			);
			name = MathPad;
			productName = MathPad;
			productReference = 47FD43CD1AC2C40400C71213 /* MathPad.app */;
			productType = "com.apple.product-type.application";
		};
		47FD43E31AC2C40400C71213 /* MathPadTests */ = {
			isa = PBXNativeTarget;
			buildConfigurationList = 47FD43F11AC2C40400C71213 /* Build configuration list for PBXNativeTarget "MathPadTests" */;
			buildPhases = (
				47FD43E01AC2C40400C71213 /* Sources */,
				47FD43E11AC2C40400C71213 /* Frameworks */,
				47FD43E21AC2C40400C71213 /* Resources */,
			);
			buildRules = (
			);
			dependencies = (
				47FD43E61AC2C40400C71213 /* PBXTargetDependency */,
			);
			name = MathPadTests;
			productName = MathPadTests;
			productReference = 47FD43E41AC2C40400C71213 /* MathPadTests.xctest */;
			productType = "com.apple.product-type.bundle.unit-test";
		};
/* End PBXNativeTarget section */

/* Begin PBXProject section */
		47FD43C51AC2C40400C71213 /* Project object */ = {
			isa = PBXProject;
			attributes = {
				LastUpgradeCheck = 0620;
				ORGANIZATIONNAME = "Computer Inspirations";
				TargetAttributes = {
					47FD43CC1AC2C40400C71213 = {
						CreatedOnToolsVersion = 6.2;
						SystemCapabilities = {
							com.apple.ApplicationGroups.iOS = {
								enabled = 0;
							};
						};
					};
					47FD43E31AC2C40400C71213 = {
						CreatedOnToolsVersion = 6.2;
						TestTargetID = 47FD43CC1AC2C40400C71213;
					};
				};
			};
			buildConfigurationList = 47FD43C81AC2C40400C71213 /* Build configuration list for PBXProject "MathPad" */;
			compatibilityVersion = "Xcode 3.2";
			developmentRegion = English;
			hasScannedForEncodings = 0;
			knownRegions = (
				en,
				Base,
			);
			mainGroup = 47FD43C41AC2C40400C71213;
			productRefGroup = 47FD43CE1AC2C40400C71213 /* Products */;
			projectDirPath = "";
			projectRoot = "";
			targets = (
				47FD43CC1AC2C40400C71213 /* MathPad */,
				47FD43E31AC2C40400C71213 /* MathPadTests */,
			);
		};
/* End PBXProject section */

/* Begin PBXResourcesBuildPhase section */
		47FD43CB1AC2C40400C71213 /* Resources */ = {
			isa = PBXResourcesBuildPhase;
			buildActionMask = 2147483647;
			files = (
				4722DE211AC6FBD8003E6A09 /* FunctionKeys.xib in Resources */,
				2FAB7CEE1AC58EA2006F5B82 /* Keyboard.xib in Resources */,
				4722DE231AC70EE6003E6A09 /* Accessory.xib in Resources */,
				47FD43DA1AC2C40400C71213 /* Main.storyboard in Resources */,
				47FD43DF1AC2C40400C71213 /* LaunchScreen.xib in Resources */,
				47FD43DC1AC2C40400C71213 /* Images.xcassets in Resources */,
			);
			runOnlyForDeploymentPostprocessing = 0;
		};
		47FD43E21AC2C40400C71213 /* Resources */ = {
			isa = PBXResourcesBuildPhase;
			buildActionMask = 2147483647;
			files = (
			);
			runOnlyForDeploymentPostprocessing = 0;
		};
/* End PBXResourcesBuildPhase section */

/* Begin PBXSourcesBuildPhase section */
		47FD43C91AC2C40400C71213 /* Sources */ = {
			isa = PBXSourcesBuildPhase;
			buildActionMask = 2147483647;
			files = (
				47FD440B1AC2C58600C71213 /* ExComplex.cpp in Sources */,
				47FD43FA1AC2C42F00C71213 /* xNumber.swift in Sources */,
				2FAB7CED1AC58011006F5B82 /* EqDocument.swift in Sources */,
				4722DE251AC822B9003E6A09 /* MathDocTableViewController.swift in Sources */,
				47DF0ABA1AD07E340005267C /* PiNumberFormatter.m in Sources */,
				47FD440E1AC2C58600C71213 /* Reals.cpp in Sources */,
				2F6512D21ACDD75900E3D262 /* graphObject.m in Sources */,
				47FD440D1AC2C58600C71213 /* Real.mm in Sources */,
				47FD43FF1AC2C42F00C71213 /* Equation.swift in Sources */,
				47FD44121AC4187100C71213 /* SelectItemTableViewController.swift in Sources */,
				47BA2FD21ACF38C800E3889E /* GraphViewController.swift in Sources */,
				47FD43D51AC2C40400C71213 /* MainDocumentController.swift in Sources */,
				47FD43FC1AC2C42F00C71213 /* Variables.swift in Sources */,
				47FD43FB1AC2C42F00C71213 /* Functions.swift in Sources */,
				47FD440C1AC2C58600C71213 /* ExIntegers.cpp in Sources */,
				47055B511ACD561A0095C770 /* TitleCell.swift in Sources */,
				47FD43FD1AC2C42F00C71213 /* Scanner.swift in Sources */,
				47FD43D31AC2C40400C71213 /* AppDelegate.swift in Sources */,
				2F7196D61AC972360079DDEC /* UITableView+MDAdditions.m in Sources */,
				4722DE271AC825C8003E6A09 /* EquationCell.swift in Sources */,
				2F6512CE1ACDBE5A00E3D262 /* BVReorderTableView.m in Sources */,
				47FD43FE1AC2C42F00C71213 /* State.swift in Sources */,
			);
			runOnlyForDeploymentPostprocessing = 0;
		};
		47FD43E01AC2C40400C71213 /* Sources */ = {
			isa = PBXSourcesBuildPhase;
			buildActionMask = 2147483647;
			files = (
				47FD43EB1AC2C40400C71213 /* MathPadTests.swift in Sources */,
			);
			runOnlyForDeploymentPostprocessing = 0;
		};
/* End PBXSourcesBuildPhase section */

/* Begin PBXTargetDependency section */
		47FD43E61AC2C40400C71213 /* PBXTargetDependency */ = {
			isa = PBXTargetDependency;
			target = 47FD43CC1AC2C40400C71213 /* MathPad */;
			targetProxy = 47FD43E51AC2C40400C71213 /* PBXContainerItemProxy */;
		};
/* End PBXTargetDependency section */

/* Begin PBXVariantGroup section */
		47FD43D81AC2C40400C71213 /* Main.storyboard */ = {
			isa = PBXVariantGroup;
			children = (
				47FD43D91AC2C40400C71213 /* Base */,
			);
			name = Main.storyboard;
			sourceTree = "<group>";
		};
		47FD43DD1AC2C40400C71213 /* LaunchScreen.xib */ = {
			isa = PBXVariantGroup;
			children = (
				47FD43DE1AC2C40400C71213 /* Base */,
			);
			name = LaunchScreen.xib;
			sourceTree = "<group>";
		};
/* End PBXVariantGroup section */

/* Begin XCBuildConfiguration section */
		47FD43EC1AC2C40400C71213 /* Debug */ = {
			isa = XCBuildConfiguration;
			buildSettings = {
				ALWAYS_SEARCH_USER_PATHS = NO;
				CLANG_CXX_LANGUAGE_STANDARD = "gnu++0x";
				CLANG_CXX_LIBRARY = "libc++";
				CLANG_ENABLE_MODULES = YES;
				CLANG_ENABLE_OBJC_ARC = YES;
				CLANG_WARN_BOOL_CONVERSION = YES;
				CLANG_WARN_CONSTANT_CONVERSION = YES;
				CLANG_WARN_DIRECT_OBJC_ISA_USAGE = YES_ERROR;
				CLANG_WARN_EMPTY_BODY = YES;
				CLANG_WARN_ENUM_CONVERSION = YES;
				CLANG_WARN_INT_CONVERSION = YES;
				CLANG_WARN_OBJC_ROOT_CLASS = YES_ERROR;
				CLANG_WARN_UNREACHABLE_CODE = YES;
				CLANG_WARN__DUPLICATE_METHOD_MATCH = YES;
				"CODE_SIGN_IDENTITY[sdk=iphoneos*]" = "iPhone Developer";
				COPY_PHASE_STRIP = NO;
				ENABLE_STRICT_OBJC_MSGSEND = YES;
				GCC_C_LANGUAGE_STANDARD = gnu99;
				GCC_DYNAMIC_NO_PIC = NO;
				GCC_OPTIMIZATION_LEVEL = 0;
				GCC_PREPROCESSOR_DEFINITIONS = (
					"DEBUG=1",
					"$(inherited)",
				);
				GCC_SYMBOLS_PRIVATE_EXTERN = NO;
				GCC_WARN_64_TO_32_BIT_CONVERSION = YES;
				GCC_WARN_ABOUT_RETURN_TYPE = YES_ERROR;
				GCC_WARN_UNDECLARED_SELECTOR = YES;
				GCC_WARN_UNINITIALIZED_AUTOS = YES_AGGRESSIVE;
				GCC_WARN_UNUSED_FUNCTION = YES;
				GCC_WARN_UNUSED_VARIABLE = YES;
				IPHONEOS_DEPLOYMENT_TARGET = 8.2;
				MTL_ENABLE_DEBUG_INFO = YES;
				ONLY_ACTIVE_ARCH = YES;
				OTHER_LDFLAGS = "-ObjC";
				SDKROOT = iphoneos;
				SWIFT_OPTIMIZATION_LEVEL = "-Onone";
				TARGETED_DEVICE_FAMILY = "1,2";
			};
			name = Debug;
		};
		47FD43ED1AC2C40400C71213 /* Release */ = {
			isa = XCBuildConfiguration;
			buildSettings = {
				ALWAYS_SEARCH_USER_PATHS = NO;
				CLANG_CXX_LANGUAGE_STANDARD = "gnu++0x";
				CLANG_CXX_LIBRARY = "libc++";
				CLANG_ENABLE_MODULES = YES;
				CLANG_ENABLE_OBJC_ARC = YES;
				CLANG_WARN_BOOL_CONVERSION = YES;
				CLANG_WARN_CONSTANT_CONVERSION = YES;
				CLANG_WARN_DIRECT_OBJC_ISA_USAGE = YES_ERROR;
				CLANG_WARN_EMPTY_BODY = YES;
				CLANG_WARN_ENUM_CONVERSION = YES;
				CLANG_WARN_INT_CONVERSION = YES;
				CLANG_WARN_OBJC_ROOT_CLASS = YES_ERROR;
				CLANG_WARN_UNREACHABLE_CODE = YES;
				CLANG_WARN__DUPLICATE_METHOD_MATCH = YES;
				"CODE_SIGN_IDENTITY[sdk=iphoneos*]" = "iPhone Developer";
				COPY_PHASE_STRIP = NO;
				ENABLE_NS_ASSERTIONS = NO;
				ENABLE_STRICT_OBJC_MSGSEND = YES;
				GCC_C_LANGUAGE_STANDARD = gnu99;
				GCC_WARN_64_TO_32_BIT_CONVERSION = YES;
				GCC_WARN_ABOUT_RETURN_TYPE = YES_ERROR;
				GCC_WARN_UNDECLARED_SELECTOR = YES;
				GCC_WARN_UNINITIALIZED_AUTOS = YES_AGGRESSIVE;
				GCC_WARN_UNUSED_FUNCTION = YES;
				GCC_WARN_UNUSED_VARIABLE = YES;
				IPHONEOS_DEPLOYMENT_TARGET = 8.2;
				MTL_ENABLE_DEBUG_INFO = NO;
				OTHER_LDFLAGS = "-ObjC";
				SDKROOT = iphoneos;
				TARGETED_DEVICE_FAMILY = "1,2";
				VALIDATE_PRODUCT = YES;
			};
			name = Release;
		};
		47FD43EF1AC2C40400C71213 /* Debug */ = {
			isa = XCBuildConfiguration;
			buildSettings = {
				ASSETCATALOG_COMPILER_APPICON_NAME = AppIcon;
				CLANG_ENABLE_MODULES = YES;
				CODE_SIGN_ENTITLEMENTS = MathPad/MathPad.entitlements;
				CODE_SIGN_IDENTITY = "iPhone Developer";
				"CODE_SIGN_IDENTITY[sdk=iphoneos*]" = "iPhone Developer";
				EMBEDDED_CONTENT_CONTAINS_SWIFT = YES;
				INFOPLIST_FILE = MathPad/Info.plist;
				LD_RUNPATH_SEARCH_PATHS = "$(inherited) @executable_path/Frameworks";
				LIBRARY_SEARCH_PATHS = (
					"$(inherited)",
					"$(PROJECT_DIR)/MathPad",
				);
				PRODUCT_NAME = "$(TARGET_NAME)";
				PROVISIONING_PROFILE = "";
				SWIFT_OBJC_BRIDGING_HEADER = "MathPad/MathPad-Bridging-Header.h";
				SWIFT_OPTIMIZATION_LEVEL = "-Onone";
			};
			name = Debug;
		};
		47FD43F01AC2C40400C71213 /* Release */ = {
			isa = XCBuildConfiguration;
			buildSettings = {
				ASSETCATALOG_COMPILER_APPICON_NAME = AppIcon;
				CLANG_ENABLE_MODULES = YES;
				CODE_SIGN_ENTITLEMENTS = MathPad/MathPad.entitlements;
				CODE_SIGN_IDENTITY = "iPhone Developer";
				"CODE_SIGN_IDENTITY[sdk=iphoneos*]" = "iPhone Developer";
				EMBEDDED_CONTENT_CONTAINS_SWIFT = YES;
				INFOPLIST_FILE = MathPad/Info.plist;
				LD_RUNPATH_SEARCH_PATHS = "$(inherited) @executable_path/Frameworks";
				LIBRARY_SEARCH_PATHS = (
					"$(inherited)",
					"$(PROJECT_DIR)/MathPad",
				);
				PRODUCT_NAME = "$(TARGET_NAME)";
				PROVISIONING_PROFILE = "";
				SWIFT_OBJC_BRIDGING_HEADER = "MathPad/MathPad-Bridging-Header.h";
			};
			name = Release;
		};
		47FD43F21AC2C40400C71213 /* Debug */ = {
			isa = XCBuildConfiguration;
			buildSettings = {
				BUNDLE_LOADER = "$(TEST_HOST)";
				FRAMEWORK_SEARCH_PATHS = (
					"$(SDKROOT)/Developer/Library/Frameworks",
					"$(inherited)",
				);
				GCC_PREPROCESSOR_DEFINITIONS = (
					"DEBUG=1",
					"$(inherited)",
				);
				INFOPLIST_FILE = MathPadTests/Info.plist;
				LD_RUNPATH_SEARCH_PATHS = "$(inherited) @executable_path/Frameworks @loader_path/Frameworks";
				PRODUCT_NAME = "$(TARGET_NAME)";
				TEST_HOST = "$(BUILT_PRODUCTS_DIR)/MathPad.app/MathPad";
			};
			name = Debug;
		};
		47FD43F31AC2C40400C71213 /* Release */ = {
			isa = XCBuildConfiguration;
			buildSettings = {
				BUNDLE_LOADER = "$(TEST_HOST)";
				FRAMEWORK_SEARCH_PATHS = (
					"$(SDKROOT)/Developer/Library/Frameworks",
					"$(inherited)",
				);
				INFOPLIST_FILE = MathPadTests/Info.plist;
				LD_RUNPATH_SEARCH_PATHS = "$(inherited) @executable_path/Frameworks @loader_path/Frameworks";
				PRODUCT_NAME = "$(TARGET_NAME)";
				TEST_HOST = "$(BUILT_PRODUCTS_DIR)/MathPad.app/MathPad";
			};
			name = Release;
		};
/* End XCBuildConfiguration section */

/* Begin XCConfigurationList section */
		47FD43C81AC2C40400C71213 /* Build configuration list for PBXProject "MathPad" */ = {
			isa = XCConfigurationList;
			buildConfigurations = (
				47FD43EC1AC2C40400C71213 /* Debug */,
				47FD43ED1AC2C40400C71213 /* Release */,
			);
			defaultConfigurationIsVisible = 0;
			defaultConfigurationName = Release;
		};
		47FD43EE1AC2C40400C71213 /* Build configuration list for PBXNativeTarget "MathPad" */ = {
			isa = XCConfigurationList;
			buildConfigurations = (
				47FD43EF1AC2C40400C71213 /* Debug */,
				47FD43F01AC2C40400C71213 /* Release */,
			);
			defaultConfigurationIsVisible = 0;
			defaultConfigurationName = Release;
		};
		47FD43F11AC2C40400C71213 /* Build configuration list for PBXNativeTarget "MathPadTests" */ = {
			isa = XCConfigurationList;
			buildConfigurations = (
				47FD43F21AC2C40400C71213 /* Debug */,
				47FD43F31AC2C40400C71213 /* Release */,
			);
			defaultConfigurationIsVisible = 0;
			defaultConfigurationName = Release;
		};
/* End XCConfigurationList section */
	};
	rootObject = 47FD43C51AC2C40400C71213 /* Project object */;
}
