// !$*UTF8*$!
{
	archiveVersion = 1;
	classes = {
	};
	objectVersion = 46;
	objects = {

/* Begin PBXBuildFile section */
		47FD43D31AC2C40400C71213 /* AppDelegate.swift in Sources */ = {isa = PBXBuildFile; fileRef = 47FD43D21AC2C40400C71213 /* AppDelegate.swift */; };
		47FD43D51AC2C40400C71213 /* MainDocumentController.swift in Sources */ = {isa = PBXBuildFile; fileRef = 47FD43D41AC2C40400C71213 /* MainDocumentController.swift */; };
		47FD43D71AC2C40400C71213 /* DocumentViewController.swift in Sources */ = {isa = PBXBuildFile; fileRef = 47FD43D61AC2C40400C71213 /* DocumentViewController.swift */; };
		47FD43DA1AC2C40400C71213 /* Main.storyboard in Resources */ = {isa = PBXBuildFile; fileRef = 47FD43D81AC2C40400C71213 /* Main.storyboard */; };
		47FD43DC1AC2C40400C71213 /* Images.xcassets in Resources */ = {isa = PBXBuildFile; fileRef = 47FD43DB1AC2C40400C71213 /* Images.xcassets */; };
		47FD43DF1AC2C40400C71213 /* LaunchScreen.xib in Resources */ = {isa = PBXBuildFile; fileRef = 47FD43DD1AC2C40400C71213 /* LaunchScreen.xib */; };
		47FD43EB1AC2C40400C71213 /* MathPadTests.swift in Sources */ = {isa = PBXBuildFile; fileRef = 47FD43EA1AC2C40400C71213 /* MathPadTests.swift */; };
		47FD43FA1AC2C42F00C71213 /* xNumber.swift in Sources */ = {isa = PBXBuildFile; fileRef = 47FD43F41AC2C42F00C71213 /* xNumber.swift */; };
		47FD43FB1AC2C42F00C71213 /* Functions.swift in Sources */ = {isa = PBXBuildFile; fileRef = 47FD43F51AC2C42F00C71213 /* Functions.swift */; };
		47FD43FC1AC2C42F00C71213 /* Variables.swift in Sources */ = {isa = PBXBuildFile; fileRef = 47FD43F61AC2C42F00C71213 /* Variables.swift */; };
		47FD43FD1AC2C42F00C71213 /* Scanner.swift in Sources */ = {isa = PBXBuildFile; fileRef = 47FD43F71AC2C42F00C71213 /* Scanner.swift */; };
		47FD43FE1AC2C42F00C71213 /* State.swift in Sources */ = {isa = PBXBuildFile; fileRef = 47FD43F81AC2C42F00C71213 /* State.swift */; };
		47FD43FF1AC2C42F00C71213 /* Equation.swift in Sources */ = {isa = PBXBuildFile; fileRef = 47FD43F91AC2C42F00C71213 /* Equation.swift */; };
		47FD440B1AC2C58600C71213 /* ExComplex.cpp in Sources */ = {isa = PBXBuildFile; fileRef = 47FD44031AC2C58600C71213 /* ExComplex.cpp */; };
		47FD440C1AC2C58600C71213 /* ExIntegers.cpp in Sources */ = {isa = PBXBuildFile; fileRef = 47FD44051AC2C58600C71213 /* ExIntegers.cpp */; };
		47FD440D1AC2C58600C71213 /* Real.mm in Sources */ = {isa = PBXBuildFile; fileRef = 47FD44081AC2C58600C71213 /* Real.mm */; };
		47FD440E1AC2C58600C71213 /* Reals.cpp in Sources */ = {isa = PBXBuildFile; fileRef = 47FD44091AC2C58600C71213 /* Reals.cpp */; };
		47FD44121AC4187100C71213 /* SelectItemTableViewController.swift in Sources */ = {isa = PBXBuildFile; fileRef = 47FD44111AC4187100C71213 /* SelectItemTableViewController.swift */; };
/* End PBXBuildFile section */

/* Begin PBXContainerItemProxy section */
		47FD43E51AC2C40400C71213 /* PBXContainerItemProxy */ = {
			isa = PBXContainerItemProxy;
			containerPortal = 47FD43C51AC2C40400C71213 /* Project object */;
			proxyType = 1;
			remoteGlobalIDString = 47FD43CC1AC2C40400C71213;
			remoteInfo = MathPad;
		};
/* End PBXContainerItemProxy section */

/* Begin PBXFileReference section */
		47FD43CD1AC2C40400C71213 /* MathPad.app */ = {isa = PBXFileReference; explicitFileType = wrapper.application; includeInIndex = 0; path = MathPad.app; sourceTree = BUILT_PRODUCTS_DIR; };
		47FD43D11AC2C40400C71213 /* Info.plist */ = {isa = PBXFileReference; lastKnownFileType = text.plist.xml; path = Info.plist; sourceTree = "<group>"; };
		47FD43D21AC2C40400C71213 /* AppDelegate.swift */ = {isa = PBXFileReference; lastKnownFileType = sourcecode.swift; path = AppDelegate.swift; sourceTree = "<group>"; };
		47FD43D41AC2C40400C71213 /* MainDocumentController.swift */ = {isa = PBXFileReference; lastKnownFileType = sourcecode.swift; path = MainDocumentController.swift; sourceTree = "<group>"; };
		47FD43D61AC2C40400C71213 /* DocumentViewController.swift */ = {isa = PBXFileReference; lastKnownFileType = sourcecode.swift; path = DocumentViewController.swift; sourceTree = "<group>"; };
		47FD43D91AC2C40400C71213 /* Base */ = {isa = PBXFileReference; lastKnownFileType = file.storyboard; name = Base; path = Base.lproj/Main.storyboard; sourceTree = "<group>"; };
		47FD43DB1AC2C40400C71213 /* Images.xcassets */ = {isa = PBXFileReference; lastKnownFileType = folder.assetcatalog; path = Images.xcassets; sourceTree = "<group>"; };
		47FD43DE1AC2C40400C71213 /* Base */ = {isa = PBXFileReference; lastKnownFileType = file.xib; name = Base; path = Base.lproj/LaunchScreen.xib; sourceTree = "<group>"; };
		47FD43E41AC2C40400C71213 /* MathPadTests.xctest */ = {isa = PBXFileReference; explicitFileType = wrapper.cfbundle; includeInIndex = 0; path = MathPadTests.xctest; sourceTree = BUILT_PRODUCTS_DIR; };
		47FD43E91AC2C40400C71213 /* Info.plist */ = {isa = PBXFileReference; lastKnownFileType = text.plist.xml; path = Info.plist; sourceTree = "<group>"; };
		47FD43EA1AC2C40400C71213 /* MathPadTests.swift */ = {isa = PBXFileReference; lastKnownFileType = sourcecode.swift; path = MathPadTests.swift; sourceTree = "<group>"; };
		47FD43F41AC2C42F00C71213 /* xNumber.swift */ = {isa = PBXFileReference; fileEncoding = 4; lastKnownFileType = sourcecode.swift; path = xNumber.swift; sourceTree = "<group>"; };
		47FD43F51AC2C42F00C71213 /* Functions.swift */ = {isa = PBXFileReference; fileEncoding = 4; lastKnownFileType = sourcecode.swift; path = Functions.swift; sourceTree = "<group>"; };
		47FD43F61AC2C42F00C71213 /* Variables.swift */ = {isa = PBXFileReference; fileEncoding = 4; lastKnownFileType = sourcecode.swift; path = Variables.swift; sourceTree = "<group>"; };
		47FD43F71AC2C42F00C71213 /* Scanner.swift */ = {isa = PBXFileReference; fileEncoding = 4; lastKnownFileType = sourcecode.swift; path = Scanner.swift; sourceTree = "<group>"; };
		47FD43F81AC2C42F00C71213 /* State.swift */ = {isa = PBXFileReference; fileEncoding = 4; lastKnownFileType = sourcecode.swift; path = State.swift; sourceTree = "<group>"; };
		47FD43F91AC2C42F00C71213 /* Equation.swift */ = {isa = PBXFileReference; fileEncoding = 4; lastKnownFileType = sourcecode.swift; path = Equation.swift; sourceTree = "<group>"; };
		47FD44001AC2C58500C71213 /* MathPad-Bridging-Header.h */ = {isa = PBXFileReference; lastKnownFileType = sourcecode.c.h; path = "MathPad-Bridging-Header.h"; sourceTree = "<group>"; };
		47FD44021AC2C58600C71213 /* Errors.h */ = {isa = PBXFileReference; fileEncoding = 4; lastKnownFileType = sourcecode.c.h; path = Errors.h; sourceTree = "<group>"; };
		47FD44031AC2C58600C71213 /* ExComplex.cpp */ = {isa = PBXFileReference; fileEncoding = 4; lastKnownFileType = sourcecode.cpp.cpp; path = ExComplex.cpp; sourceTree = "<group>"; };
		47FD44041AC2C58600C71213 /* ExComplex.h */ = {isa = PBXFileReference; fileEncoding = 4; lastKnownFileType = sourcecode.c.h; path = ExComplex.h; sourceTree = "<group>"; };
		47FD44051AC2C58600C71213 /* ExIntegers.cpp */ = {isa = PBXFileReference; fileEncoding = 4; lastKnownFileType = sourcecode.cpp.cpp; path = ExIntegers.cpp; sourceTree = "<group>"; };
		47FD44061AC2C58600C71213 /* ExIntegers.h */ = {isa = PBXFileReference; fileEncoding = 4; lastKnownFileType = sourcecode.c.h; path = ExIntegers.h; sourceTree = "<group>"; };
		47FD44071AC2C58600C71213 /* Real.h */ = {isa = PBXFileReference; fileEncoding = 4; lastKnownFileType = sourcecode.c.h; path = Real.h; sourceTree = "<group>"; };
		47FD44081AC2C58600C71213 /* Real.mm */ = {isa = PBXFileReference; fileEncoding = 4; lastKnownFileType = sourcecode.cpp.objcpp; path = Real.mm; sourceTree = "<group>"; };
		47FD44091AC2C58600C71213 /* Reals.cpp */ = {isa = PBXFileReference; fileEncoding = 4; lastKnownFileType = sourcecode.cpp.cpp; path = Reals.cpp; sourceTree = "<group>"; };
		47FD440A1AC2C58600C71213 /* Reals.h */ = {isa = PBXFileReference; fileEncoding = 4; lastKnownFileType = sourcecode.c.h; path = Reals.h; sourceTree = "<group>"; };
		47FD44111AC4187100C71213 /* SelectItemTableViewController.swift */ = {isa = PBXFileReference; fileEncoding = 4; lastKnownFileType = sourcecode.swift; path = SelectItemTableViewController.swift; sourceTree = "<group>"; };
/* End PBXFileReference section */

/* Begin PBXFrameworksBuildPhase section */
		47FD43CA1AC2C40400C71213 /* Frameworks */ = {
			isa = PBXFrameworksBuildPhase;
			buildActionMask = 2147483647;
			files = (
			);
			runOnlyForDeploymentPostprocessing = 0;
		};
		47FD43E11AC2C40400C71213 /* Frameworks */ = {
			isa = PBXFrameworksBuildPhase;
			buildActionMask = 2147483647;
			files = (
			);
			runOnlyForDeploymentPostprocessing = 0;
		};
/* End PBXFrameworksBuildPhase section */

/* Begin PBXGroup section */
		47FD43C41AC2C40400C71213 = {
			isa = PBXGroup;
			children = (
				47FD43CF1AC2C40400C71213 /* MathPad */,
				47FD43E71AC2C40400C71213 /* MathPadTests */,
				47FD43CE1AC2C40400C71213 /* Products */,
			);
			sourceTree = "<group>";
		};
		47FD43CE1AC2C40400C71213 /* Products */ = {
			isa = PBXGroup;
			children = (
				47FD43CD1AC2C40400C71213 /* MathPad.app */,
				47FD43E41AC2C40400C71213 /* MathPadTests.xctest */,
			);
			name = Products;
			sourceTree = "<group>";
		};
		47FD43CF1AC2C40400C71213 /* MathPad */ = {
			isa = PBXGroup;
			children = (
				47FD43D21AC2C40400C71213 /* AppDelegate.swift */,
				47FD43D41AC2C40400C71213 /* MainDocumentController.swift */,
				47FD43D61AC2C40400C71213 /* DocumentViewController.swift */,
				47FD43D81AC2C40400C71213 /* Main.storyboard */,
				47FD44111AC4187100C71213 /* SelectItemTableViewController.swift */,
				47FD44101AC2C82600C71213 /* Equation Model */,
				47FD440F1AC2C5BB00C71213 /* Extended Numbers */,
				47FD43D01AC2C40400C71213 /* Supporting Files */,
			);
			path = MathPad;
			sourceTree = "<group>";
		};
		47FD43D01AC2C40400C71213 /* Supporting Files */ = {
			isa = PBXGroup;
			children = (
				47FD43DD1AC2C40400C71213 /* LaunchScreen.xib */,
				47FD43DB1AC2C40400C71213 /* Images.xcassets */,
				47FD43D11AC2C40400C71213 /* Info.plist */,
			);
			name = "Supporting Files";
			sourceTree = "<group>";
		};
		47FD43E71AC2C40400C71213 /* MathPadTests */ = {
			isa = PBXGroup;
			children = (
				47FD43EA1AC2C40400C71213 /* MathPadTests.swift */,
				47FD43E81AC2C40400C71213 /* Supporting Files */,
			);
			path = MathPadTests;
			sourceTree = "<group>";
		};
		47FD43E81AC2C40400C71213 /* Supporting Files */ = {
			isa = PBXGroup;
			children = (
				47FD43E91AC2C40400C71213 /* Info.plist */,
			);
			name = "Supporting Files";
			sourceTree = "<group>";
		};
		47FD440F1AC2C5BB00C71213 /* Extended Numbers */ = {
			isa = PBXGroup;
			children = (
				47FD43F41AC2C42F00C71213 /* xNumber.swift */,
				47FD44021AC2C58600C71213 /* Errors.h */,
				47FD44031AC2C58600C71213 /* ExComplex.cpp */,
				47FD44041AC2C58600C71213 /* ExComplex.h */,
				47FD44051AC2C58600C71213 /* ExIntegers.cpp */,
				47FD44061AC2C58600C71213 /* ExIntegers.h */,
				47FD44071AC2C58600C71213 /* Real.h */,
				47FD44081AC2C58600C71213 /* Real.mm */,
				47FD44091AC2C58600C71213 /* Reals.cpp */,
				47FD440A1AC2C58600C71213 /* Reals.h */,
				47FD44001AC2C58500C71213 /* MathPad-Bridging-Header.h */,
			);
			name = "Extended Numbers";
			sourceTree = "<group>";
		};
		47FD44101AC2C82600C71213 /* Equation Model */ = {
			isa = PBXGroup;
			children = (
				47FD43F51AC2C42F00C71213 /* Functions.swift */,
				47FD43F61AC2C42F00C71213 /* Variables.swift */,
				47FD43F71AC2C42F00C71213 /* Scanner.swift */,
				47FD43F81AC2C42F00C71213 /* State.swift */,
				47FD43F91AC2C42F00C71213 /* Equation.swift */,
			);
			name = "Equation Model";
			sourceTree = "<group>";
		};
/* End PBXGroup section */

/* Begin PBXNativeTarget section */
		47FD43CC1AC2C40400C71213 /* MathPad */ = {
			isa = PBXNativeTarget;
			buildConfigurationList = 47FD43EE1AC2C40400C71213 /* Build configuration list for PBXNativeTarget "MathPad" */;
			buildPhases = (
				47FD43C91AC2C40400C71213 /* Sources */,
				47FD43CA1AC2C40400C71213 /* Frameworks */,
				47FD43CB1AC2C40400C71213 /* Resources */,
			);
			buildRules = (
			);
			dependencies = (
			);
			name = MathPad;
			productName = MathPad;
			productReference = 47FD43CD1AC2C40400C71213 /* MathPad.app */;
			productType = "com.apple.product-type.application";
		};
		47FD43E31AC2C40400C71213 /* MathPadTests */ = {
			isa = PBXNativeTarget;
			buildConfigurationList = 47FD43F11AC2C40400C71213 /* Build configuration list for PBXNativeTarget "MathPadTests" */;
			buildPhases = (
				47FD43E01AC2C40400C71213 /* Sources */,
				47FD43E11AC2C40400C71213 /* Frameworks */,
				47FD43E21AC2C40400C71213 /* Resources */,
			);
			buildRules = (
			);
			dependencies = (
				47FD43E61AC2C40400C71213 /* PBXTargetDependency */,
			);
			name = MathPadTests;
			productName = MathPadTests;
			productReference = 47FD43E41AC2C40400C71213 /* MathPadTests.xctest */;
			productType = "com.apple.product-type.bundle.unit-test";
		};
/* End PBXNativeTarget section */

/* Begin PBXProject section */
		47FD43C51AC2C40400C71213 /* Project object */ = {
			isa = PBXProject;
			attributes = {
				LastUpgradeCheck = 0620;
				ORGANIZATIONNAME = "Computer Inspirations";
				TargetAttributes = {
					47FD43CC1AC2C40400C71213 = {
						CreatedOnToolsVersion = 6.2;
					};
					47FD43E31AC2C40400C71213 = {
						CreatedOnToolsVersion = 6.2;
						TestTargetID = 47FD43CC1AC2C40400C71213;
					};
				};
			};
			buildConfigurationList = 47FD43C81AC2C40400C71213 /* Build configuration list for PBXProject "MathPad" */;
			compatibilityVersion = "Xcode 3.2";
			developmentRegion = English;
			hasScannedForEncodings = 0;
			knownRegions = (
				en,
				Base,
			);
			mainGroup = 47FD43C41AC2C40400C71213;
			productRefGroup = 47FD43CE1AC2C40400C71213 /* Products */;
			projectDirPath = "";
			projectRoot = "";
			targets = (
				47FD43CC1AC2C40400C71213 /* MathPad */,
				47FD43E31AC2C40400C71213 /* MathPadTests */,
			);
		};
/* End PBXProject section */

/* Begin PBXResourcesBuildPhase section */
		47FD43CB1AC2C40400C71213 /* Resources */ = {
			isa = PBXResourcesBuildPhase;
			buildActionMask = 2147483647;
			files = (
				47FD43DA1AC2C40400C71213 /* Main.storyboard in Resources */,
				47FD43DF1AC2C40400C71213 /* LaunchScreen.xib in Resources */,
				47FD43DC1AC2C40400C71213 /* Images.xcassets in Resources */,
			);
			runOnlyForDeploymentPostprocessing = 0;
		};
		47FD43E21AC2C40400C71213 /* Resources */ = {
			isa = PBXResourcesBuildPhase;
			buildActionMask = 2147483647;
			files = (
			);
			runOnlyForDeploymentPostprocessing = 0;
		};
/* End PBXResourcesBuildPhase section */

/* Begin PBXSourcesBuildPhase section */
		47FD43C91AC2C40400C71213 /* Sources */ = {
			isa = PBXSourcesBuildPhase;
			buildActionMask = 2147483647;
			files = (
				47FD43D71AC2C40400C71213 /* DocumentViewController.swift in Sources */,
				47FD440B1AC2C58600C71213 /* ExComplex.cpp in Sources */,
				47FD43FA1AC2C42F00C71213 /* xNumber.swift in Sources */,
				47FD440E1AC2C58600C71213 /* Reals.cpp in Sources */,
				47FD440D1AC2C58600C71213 /* Real.mm in Sources */,
				47FD43FF1AC2C42F00C71213 /* Equation.swift in Sources */,
				47FD44121AC4187100C71213 /* SelectItemTableViewController.swift in Sources */,
				47FD43D51AC2C40400C71213 /* MainDocumentController.swift in Sources */,
				47FD43FC1AC2C42F00C71213 /* Variables.swift in Sources */,
				47FD43FB1AC2C42F00C71213 /* Functions.swift in Sources */,
				47FD440C1AC2C58600C71213 /* ExIntegers.cpp in Sources */,
				47FD43FD1AC2C42F00C71213 /* Scanner.swift in Sources */,
				47FD43D31AC2C40400C71213 /* AppDelegate.swift in Sources */,
				47FD43FE1AC2C42F00C71213 /* State.swift in Sources */,
			);
			runOnlyForDeploymentPostprocessing = 0;
		};
		47FD43E01AC2C40400C71213 /* Sources */ = {
			isa = PBXSourcesBuildPhase;
			buildActionMask = 2147483647;
			files = (
				47FD43EB1AC2C40400C71213 /* MathPadTests.swift in Sources */,
			);
			runOnlyForDeploymentPostprocessing = 0;
		};
/* End PBXSourcesBuildPhase section */

/* Begin PBXTargetDependency section */
		47FD43E61AC2C40400C71213 /* PBXTargetDependency */ = {
			isa = PBXTargetDependency;
			target = 47FD43CC1AC2C40400C71213 /* MathPad */;
			targetProxy = 47FD43E51AC2C40400C71213 /* PBXContainerItemProxy */;
		};
/* End PBXTargetDependency section */

/* Begin PBXVariantGroup section */
		47FD43D81AC2C40400C71213 /* Main.storyboard */ = {
			isa = PBXVariantGroup;
			children = (
				47FD43D91AC2C40400C71213 /* Base */,
			);
			name = Main.storyboard;
			sourceTree = "<group>";
		};
		47FD43DD1AC2C40400C71213 /* LaunchScreen.xib */ = {
			isa = PBXVariantGroup;
			children = (
				47FD43DE1AC2C40400C71213 /* Base */,
			);
			name = LaunchScreen.xib;
			sourceTree = "<group>";
		};
/* End PBXVariantGroup section */

/* Begin XCBuildConfiguration section */
		47FD43EC1AC2C40400C71213 /* Debug */ = {
			isa = XCBuildConfiguration;
			buildSettings = {
				ALWAYS_SEARCH_USER_PATHS = NO;
				CLANG_CXX_LANGUAGE_STANDARD = "gnu++0x";
				CLANG_CXX_LIBRARY = "libc++";
				CLANG_ENABLE_MODULES = YES;
				CLANG_ENABLE_OBJC_ARC = YES;
				CLANG_WARN_BOOL_CONVERSION = YES;
				CLANG_WARN_CONSTANT_CONVERSION = YES;
				CLANG_WARN_DIRECT_OBJC_ISA_USAGE = YES_ERROR;
				CLANG_WARN_EMPTY_BODY = YES;
				CLANG_WARN_ENUM_CONVERSION = YES;
				CLANG_WARN_INT_CONVERSION = YES;
				CLANG_WARN_OBJC_ROOT_CLASS = YES_ERROR;
				CLANG_WARN_UNREACHABLE_CODE = YES;
				CLANG_WARN__DUPLICATE_METHOD_MATCH = YES;
				"CODE_SIGN_IDENTITY[sdk=iphoneos*]" = "iPhone Developer";
				COPY_PHASE_STRIP = NO;
				ENABLE_STRICT_OBJC_MSGSEND = YES;
				GCC_C_LANGUAGE_STANDARD = gnu99;
				GCC_DYNAMIC_NO_PIC = NO;
				GCC_OPTIMIZATION_LEVEL = 0;
				GCC_PREPROCESSOR_DEFINITIONS = (
					"DEBUG=1",
					"$(inherited)",
				);
				GCC_SYMBOLS_PRIVATE_EXTERN = NO;
				GCC_WARN_64_TO_32_BIT_CONVERSION = YES;
				GCC_WARN_ABOUT_RETURN_TYPE = YES_ERROR;
				GCC_WARN_UNDECLARED_SELECTOR = YES;
				GCC_WARN_UNINITIALIZED_AUTOS = YES_AGGRESSIVE;
				GCC_WARN_UNUSED_FUNCTION = YES;
				GCC_WARN_UNUSED_VARIABLE = YES;
				IPHONEOS_DEPLOYMENT_TARGET = 8.2;
				MTL_ENABLE_DEBUG_INFO = YES;
				ONLY_ACTIVE_ARCH = YES;
				SDKROOT = iphoneos;
				SWIFT_OPTIMIZATION_LEVEL = "-Onone";
				TARGETED_DEVICE_FAMILY = "1,2";
			};
			name = Debug;
		};
		47FD43ED1AC2C40400C71213 /* Release */ = {
			isa = XCBuildConfiguration;
			buildSettings = {
				ALWAYS_SEARCH_USER_PATHS = NO;
				CLANG_CXX_LANGUAGE_STANDARD = "gnu++0x";
				CLANG_CXX_LIBRARY = "libc++";
				CLANG_ENABLE_MODULES = YES;
				CLANG_ENABLE_OBJC_ARC = YES;
				CLANG_WARN_BOOL_CONVERSION = YES;
				CLANG_WARN_CONSTANT_CONVERSION = YES;
				CLANG_WARN_DIRECT_OBJC_ISA_USAGE = YES_ERROR;
				CLANG_WARN_EMPTY_BODY = YES;
				CLANG_WARN_ENUM_CONVERSION = YES;
				CLANG_WARN_INT_CONVERSION = YES;
				CLANG_WARN_OBJC_ROOT_CLASS = YES_ERROR;
				CLANG_WARN_UNREACHABLE_CODE = YES;
				CLANG_WARN__DUPLICATE_METHOD_MATCH = YES;
				"CODE_SIGN_IDENTITY[sdk=iphoneos*]" = "iPhone Developer";
				COPY_PHASE_STRIP = NO;
				ENABLE_NS_ASSERTIONS = NO;
				ENABLE_STRICT_OBJC_MSGSEND = YES;
				GCC_C_LANGUAGE_STANDARD = gnu99;
				GCC_WARN_64_TO_32_BIT_CONVERSION = YES;
				GCC_WARN_ABOUT_RETURN_TYPE = YES_ERROR;
				GCC_WARN_UNDECLARED_SELECTOR = YES;
				GCC_WARN_UNINITIALIZED_AUTOS = YES_AGGRESSIVE;
				GCC_WARN_UNUSED_FUNCTION = YES;
				GCC_WARN_UNUSED_VARIABLE = YES;
				IPHONEOS_DEPLOYMENT_TARGET = 8.2;
				MTL_ENABLE_DEBUG_INFO = NO;
				SDKROOT = iphoneos;
				TARGETED_DEVICE_FAMILY = "1,2";
				VALIDATE_PRODUCT = YES;
			};
			name = Release;
		};
		47FD43EF1AC2C40400C71213 /* Debug */ = {
			isa = XCBuildConfiguration;
			buildSettings = {
				ASSETCATALOG_COMPILER_APPICON_NAME = AppIcon;
				CLANG_ENABLE_MODULES = YES;
				INFOPLIST_FILE = MathPad/Info.plist;
				LD_RUNPATH_SEARCH_PATHS = "$(inherited) @executable_path/Frameworks";
				PRODUCT_NAME = "$(TARGET_NAME)";
				SWIFT_OBJC_BRIDGING_HEADER = "MathPad/MathPad-Bridging-Header.h";
				SWIFT_OPTIMIZATION_LEVEL = "-Onone";
			};
			name = Debug;
		};
		47FD43F01AC2C40400C71213 /* Release */ = {
			isa = XCBuildConfiguration;
			buildSettings = {
				ASSETCATALOG_COMPILER_APPICON_NAME = AppIcon;
				CLANG_ENABLE_MODULES = YES;
				INFOPLIST_FILE = MathPad/Info.plist;
				LD_RUNPATH_SEARCH_PATHS = "$(inherited) @executable_path/Frameworks";
				PRODUCT_NAME = "$(TARGET_NAME)";
				SWIFT_OBJC_BRIDGING_HEADER = "MathPad/MathPad-Bridging-Header.h";
			};
			name = Release;
		};
		47FD43F21AC2C40400C71213 /* Debug */ = {
			isa = XCBuildConfiguration;
			buildSettings = {
				BUNDLE_LOADER = "$(TEST_HOST)";
				FRAMEWORK_SEARCH_PATHS = (
					"$(SDKROOT)/Developer/Library/Frameworks",
					"$(inherited)",
				);
				GCC_PREPROCESSOR_DEFINITIONS = (
					"DEBUG=1",
					"$(inherited)",
				);
				INFOPLIST_FILE = MathPadTests/Info.plist;
				LD_RUNPATH_SEARCH_PATHS = "$(inherited) @executable_path/Frameworks @loader_path/Frameworks";
				PRODUCT_NAME = "$(TARGET_NAME)";
				TEST_HOST = "$(BUILT_PRODUCTS_DIR)/MathPad.app/MathPad";
			};
			name = Debug;
		};
		47FD43F31AC2C40400C71213 /* Release */ = {
			isa = XCBuildConfiguration;
			buildSettings = {
				BUNDLE_LOADER = "$(TEST_HOST)";
				FRAMEWORK_SEARCH_PATHS = (
					"$(SDKROOT)/Developer/Library/Frameworks",
					"$(inherited)",
				);
				INFOPLIST_FILE = MathPadTests/Info.plist;
				LD_RUNPATH_SEARCH_PATHS = "$(inherited) @executable_path/Frameworks @loader_path/Frameworks";
				PRODUCT_NAME = "$(TARGET_NAME)";
				TEST_HOST = "$(BUILT_PRODUCTS_DIR)/MathPad.app/MathPad";
			};
			name = Release;
		};
/* End XCBuildConfiguration section */

/* Begin XCConfigurationList section */
		47FD43C81AC2C40400C71213 /* Build configuration list for PBXProject "MathPad" */ = {
			isa = XCConfigurationList;
			buildConfigurations = (
				47FD43EC1AC2C40400C71213 /* Debug */,
				47FD43ED1AC2C40400C71213 /* Release */,
			);
			defaultConfigurationIsVisible = 0;
			defaultConfigurationName = Release;
		};
		47FD43EE1AC2C40400C71213 /* Build configuration list for PBXNativeTarget "MathPad" */ = {
			isa = XCConfigurationList;
			buildConfigurations = (
				47FD43EF1AC2C40400C71213 /* Debug */,
				47FD43F01AC2C40400C71213 /* Release */,
			);
			defaultConfigurationIsVisible = 0;
			defaultConfigurationName = Release;
		};
		47FD43F11AC2C40400C71213 /* Build configuration list for PBXNativeTarget "MathPadTests" */ = {
			isa = XCConfigurationList;
			buildConfigurations = (
				47FD43F21AC2C40400C71213 /* Debug */,
				47FD43F31AC2C40400C71213 /* Release */,
			);
			defaultConfigurationIsVisible = 0;
			defaultConfigurationName = Release;
		};
/* End XCConfigurationList section */
	};
	rootObject = 47FD43C51AC2C40400C71213 /* Project object */;
}
